<Solution>
  <Folder Name="/ Solution Items/">
    <File Path=".editorconfig" />
    <File Path=".gitignore" />
  </Folder>
  <Folder Name="/ Solution Items/Benchmarks/">
    <File Path="Benchmarks/ConfigurationLodingBenchmark.cs" />
  </Folder>
  <Folder Name="/ Solution Items/MSBuild/">
    <File Path="Directory.Build.props" />
    <File Path="Directory.Packages.props" />
  </Folder>
  
  <Folder Name="/Client/">
    <Project Path="Client/GammaRay.Client.Core/GammaRay.Client.Core.csproj" />
    <Project Path="Client/GammaRay.Client.GUI.Desktop/GammaRay.Client.GUI.Desktop.csproj" />
    <Project Path="Client/GammaRay.Client.GUI/GammaRay.Client.GUI.csproj" />
  </Folder>
  
  <Folder Name="/Server/">
    <Project Path="Server/GammaRay.Server.Console/GammaRay.Server.Console.csproj" />
    <Project Path="Server/GammaRay.Server.Core/GammaRay.Server.Core.csproj" />
  </Folder>
  
  <Project Path="GammaRay.Core/GammaRay.Core.csproj" />
  <Project Path="GammaRay.Core.OSSpecific.Windows/GammaRay.Core.OSSpecific.Windows.csproj" />
</Solution>
